// !$*UTF8*$!
{
	archiveVersion = 1;
	classes = {
	};
	objectVersion = 56;
	objects = {

/* Begin PBXBuildFile section */
		00F8517A4D59C468F9E49981 /* Pods_Location_Example.framework in Frameworks */ = {isa = PBXBuildFile; fileRef = 8347742CEAFF71F123DF26A0 /* Pods_Location_Example.framework */; };
		CB0BD9202B9C3B7900C08018 /* ARCLViewController.swift in Sources */ = {isa = PBXBuildFile; fileRef = CB0BD91F2B9C3B7800C08018 /* ARCLViewController.swift */; };
		CB0BD9222B9C459200C08018 /* ARCLViewControllerWrapper.swift in Sources */ = {isa = PBXBuildFile; fileRef = CB0BD9212B9C459200C08018 /* ARCLViewControllerWrapper.swift */; };
		CB0BD9262B9C627000C08018 /* MatrixHelper.swift in Sources */ = {isa = PBXBuildFile; fileRef = CB0BD9252B9C627000C08018 /* MatrixHelper.swift */; };
		CB0BD9292B9D805F00C08018 /* ARCLMap.swift in Sources */ = {isa = PBXBuildFile; fileRef = CB0BD9282B9D805F00C08018 /* ARCLMap.swift */; };
		CB0BD92B2B9D808100C08018 /* ARCLContentView.swift in Sources */ = {isa = PBXBuildFile; fileRef = CB0BD92A2B9D808100C08018 /* ARCLContentView.swift */; };
		CB0BD92F2B9DEC0400C08018 /* SceneLocationView.swift in Sources */ = {isa = PBXBuildFile; fileRef = CB0BD92E2B9DEC0400C08018 /* SceneLocationView.swift */; };
		CB0BD9312B9DEC1F00C08018 /* PolylineNode.swift in Sources */ = {isa = PBXBuildFile; fileRef = CB0BD9302B9DEC1F00C08018 /* PolylineNode.swift */; };
		CB24F3AC2BA86ECC00A349D3 /* threeArrows.usdz in Resources */ = {isa = PBXBuildFile; fileRef = CB24F3A92BA86ECC00A349D3 /* threeArrows.usdz */; };
		CB24F3AD2BA86ECC00A349D3 /* middleArrow.usdz in Resources */ = {isa = PBXBuildFile; fileRef = CB24F3AA2BA86ECC00A349D3 /* middleArrow.usdz */; };
		CB24F3AE2BA86ECC00A349D3 /* Pin.usdz in Resources */ = {isa = PBXBuildFile; fileRef = CB24F3AB2BA86ECC00A349D3 /* Pin.usdz */; };
		CB35B9972B9980AC00BD38BD /* PathData.swift in Sources */ = {isa = PBXBuildFile; fileRef = CB35B9962B9980AC00BD38BD /* PathData.swift */; };
		CB4EF6252BD002C100BDC73A /* PasswordView.swift in Sources */ = {isa = PBXBuildFile; fileRef = CB4EF6242BD002C100BDC73A /* PasswordView.swift */; };
		CB6383C62B7110DC00A18255 /* ARTest.swift in Sources */ = {isa = PBXBuildFile; fileRef = CB6383C52B7110DC00A18255 /* ARTest.swift */; };
		CB6383C82B73BFBA00A18255 /* UseMap.swift in Sources */ = {isa = PBXBuildFile; fileRef = CB6383C72B73BFBA00A18255 /* UseMap.swift */; };
		CB664BE72BB79DE70086E136 /* timerResponse.swift in Sources */ = {isa = PBXBuildFile; fileRef = CB664BE62BB79DE70086E136 /* timerResponse.swift */; };
		CB6CF5992BA44A1F00F2F0C7 /* ARDemoStartView.swift in Sources */ = {isa = PBXBuildFile; fileRef = CB6CF5982BA44A1F00F2F0C7 /* ARDemoStartView.swift */; };
		CBAC22C42B90BB6200A79A61 /* CoreMotionEx.swift in Sources */ = {isa = PBXBuildFile; fileRef = CBAC22C32B90BB6200A79A61 /* CoreMotionEx.swift */; };
		CBB253232B664AD600DD408C /* Location_ExampleApp.swift in Sources */ = {isa = PBXBuildFile; fileRef = CBB253222B664AD600DD408C /* Location_ExampleApp.swift */; };
		CBB253252B664AD600DD408C /* ContentView.swift in Sources */ = {isa = PBXBuildFile; fileRef = CBB253242B664AD600DD408C /* ContentView.swift */; };
		CBB253272B664AD700DD408C /* Assets.xcassets in Resources */ = {isa = PBXBuildFile; fileRef = CBB253262B664AD700DD408C /* Assets.xcassets */; };
		CBB2532A2B664AD700DD408C /* Preview Assets.xcassets in Resources */ = {isa = PBXBuildFile; fileRef = CBB253292B664AD700DD408C /* Preview Assets.xcassets */; };
		CBB253312B664B0100DD408C /* CoreLocationEx.swift in Sources */ = {isa = PBXBuildFile; fileRef = CBB253302B664B0100DD408C /* CoreLocationEx.swift */; };
		CBC299282B7E52F80026C908 /* right.usdz in Resources */ = {isa = PBXBuildFile; fileRef = CBC299272B7E52F80026C908 /* right.usdz */; };
		CBCB2E7B2BB6C7C4008FA272 /* MyTimer.swift in Sources */ = {isa = PBXBuildFile; fileRef = CBCB2E7A2BB6C7C4008FA272 /* MyTimer.swift */; };
		CBCB2E7E2BB6CA2D008FA272 /* TimerView.swift in Sources */ = {isa = PBXBuildFile; fileRef = CBCB2E7D2BB6CA2D008FA272 /* TimerView.swift */; };
		CBCB2E802BB6CAFB008FA272 /* CLocation.swift in Sources */ = {isa = PBXBuildFile; fileRef = CBCB2E7F2BB6CAFB008FA272 /* CLocation.swift */; };
		CBCB2E822BB6D473008FA272 /* TimerMap.swift in Sources */ = {isa = PBXBuildFile; fileRef = CBCB2E812BB6D473008FA272 /* TimerMap.swift */; };
		CBD4B2652B91898200075BA8 /* coreMotionResponse.swift in Sources */ = {isa = PBXBuildFile; fileRef = CBD4B2642B91898200075BA8 /* coreMotionResponse.swift */; };
		CBD4B2672B93337700075BA8 /* NaverMap.swift in Sources */ = {isa = PBXBuildFile; fileRef = CBD4B2662B93337700075BA8 /* NaverMap.swift */; };
		CBEC01472BA2BD48008F5996 /* ARDemoViewController.swift in Sources */ = {isa = PBXBuildFile; fileRef = CBEC01462BA2BD48008F5996 /* ARDemoViewController.swift */; };
		CBEC01492BA2BDD6008F5996 /* Extension.swift in Sources */ = {isa = PBXBuildFile; fileRef = CBEC01482BA2BDD6008F5996 /* Extension.swift */; };
		CBEC014D2BA2BE59008F5996 /* LocationDetails.swift in Sources */ = {isa = PBXBuildFile; fileRef = CBEC014C2BA2BE59008F5996 /* LocationDetails.swift */; };
		CBEC014F2BA2BF76008F5996 /* GetIntermediateCorodinate.swift in Sources */ = {isa = PBXBuildFile; fileRef = CBEC014E2BA2BF76008F5996 /* GetIntermediateCorodinate.swift */; };
		CBEC01512BA2CCBE008F5996 /* Constant.swift in Sources */ = {isa = PBXBuildFile; fileRef = CBEC01502BA2CCBE008F5996 /* Constant.swift */; };
		CBEC01572BA2E25E008F5996 /* ARDemoVCWrapper.swift in Sources */ = {isa = PBXBuildFile; fileRef = CBEC01562BA2E25E008F5996 /* ARDemoVCWrapper.swift */; };
		CBEC01592BA30241008F5996 /* ARDemoContentView.swift in Sources */ = {isa = PBXBuildFile; fileRef = CBEC01582BA30241008F5996 /* ARDemoContentView.swift */; };
		CBF9274C2BD0F8E5002BCA14 /* Path.swift in Sources */ = {isa = PBXBuildFile; fileRef = CBF9274B2BD0F8E5002BCA14 /* Path.swift */; };
		CBF927502BD0FB42002BCA14 /* Node.swift in Sources */ = {isa = PBXBuildFile; fileRef = CBF9274F2BD0FB42002BCA14 /* Node.swift */; };
		CBF927522BD0FB86002BCA14 /* AppleMap.swift in Sources */ = {isa = PBXBuildFile; fileRef = CBF927512BD0FB86002BCA14 /* AppleMap.swift */; };
		CBF927542BD11237002BCA14 /* LocationAnnotationNode.swift in Sources */ = {isa = PBXBuildFile; fileRef = CBF927532BD11237002BCA14 /* LocationAnnotationNode.swift */; };
		CBF927562BD11ED2002BCA14 /* SCNNode+Extension.swift in Sources */ = {isa = PBXBuildFile; fileRef = CBF927552BD11ED2002BCA14 /* SCNNode+Extension.swift */; };
/* End PBXBuildFile section */

/* Begin PBXFileReference section */
		20016DBF40854E2DF46CA88B /* Pods-Location_Example.release.xcconfig */ = {isa = PBXFileReference; includeInIndex = 1; lastKnownFileType = text.xcconfig; name = "Pods-Location_Example.release.xcconfig"; path = "Target Support Files/Pods-Location_Example/Pods-Location_Example.release.xcconfig"; sourceTree = "<group>"; };
		51CABC0E96543E4A289F97EF /* Pods-Location_Example.debug.xcconfig */ = {isa = PBXFileReference; includeInIndex = 1; lastKnownFileType = text.xcconfig; name = "Pods-Location_Example.debug.xcconfig"; path = "Target Support Files/Pods-Location_Example/Pods-Location_Example.debug.xcconfig"; sourceTree = "<group>"; };
		8347742CEAFF71F123DF26A0 /* Pods_Location_Example.framework */ = {isa = PBXFileReference; explicitFileType = wrapper.framework; includeInIndex = 0; path = Pods_Location_Example.framework; sourceTree = BUILT_PRODUCTS_DIR; };
		CB0BD91F2B9C3B7800C08018 /* ARCLViewController.swift */ = {isa = PBXFileReference; lastKnownFileType = sourcecode.swift; path = ARCLViewController.swift; sourceTree = "<group>"; };
		CB0BD9212B9C459200C08018 /* ARCLViewControllerWrapper.swift */ = {isa = PBXFileReference; lastKnownFileType = sourcecode.swift; path = ARCLViewControllerWrapper.swift; sourceTree = "<group>"; };
		CB0BD9252B9C627000C08018 /* MatrixHelper.swift */ = {isa = PBXFileReference; lastKnownFileType = sourcecode.swift; path = MatrixHelper.swift; sourceTree = "<group>"; };
		CB0BD9282B9D805F00C08018 /* ARCLMap.swift */ = {isa = PBXFileReference; lastKnownFileType = sourcecode.swift; path = ARCLMap.swift; sourceTree = "<group>"; };
		CB0BD92A2B9D808100C08018 /* ARCLContentView.swift */ = {isa = PBXFileReference; lastKnownFileType = sourcecode.swift; path = ARCLContentView.swift; sourceTree = "<group>"; };
		CB0BD92E2B9DEC0400C08018 /* SceneLocationView.swift */ = {isa = PBXFileReference; lastKnownFileType = sourcecode.swift; path = SceneLocationView.swift; sourceTree = "<group>"; };
		CB0BD9302B9DEC1F00C08018 /* PolylineNode.swift */ = {isa = PBXFileReference; lastKnownFileType = sourcecode.swift; path = PolylineNode.swift; sourceTree = "<group>"; };
		CB16AC752B7A6FC800DAAE3F /* Metal.framework */ = {isa = PBXFileReference; lastKnownFileType = wrapper.framework; name = Metal.framework; path = System/Library/Frameworks/Metal.framework; sourceTree = SDKROOT; };
		CB16AC772B7A70BA00DAAE3F /* libswiftMetal.tbd */ = {isa = PBXFileReference; lastKnownFileType = "sourcecode.text-based-dylib-definition"; name = libswiftMetal.tbd; path = usr/lib/swift/libswiftMetal.tbd; sourceTree = SDKROOT; };
		CB16AC792B7A70DE00DAAE3F /* libswiftMetalKit.tbd */ = {isa = PBXFileReference; lastKnownFileType = "sourcecode.text-based-dylib-definition"; name = libswiftMetalKit.tbd; path = usr/lib/swift/libswiftMetalKit.tbd; sourceTree = SDKROOT; };
		CB24F3A92BA86ECC00A349D3 /* threeArrows.usdz */ = {isa = PBXFileReference; lastKnownFileType = file.usdz; path = threeArrows.usdz; sourceTree = "<group>"; };
		CB24F3AA2BA86ECC00A349D3 /* middleArrow.usdz */ = {isa = PBXFileReference; lastKnownFileType = file.usdz; path = middleArrow.usdz; sourceTree = "<group>"; };
		CB24F3AB2BA86ECC00A349D3 /* Pin.usdz */ = {isa = PBXFileReference; lastKnownFileType = file.usdz; path = Pin.usdz; sourceTree = "<group>"; };
		CB35B9962B9980AC00BD38BD /* PathData.swift */ = {isa = PBXFileReference; lastKnownFileType = sourcecode.swift; path = PathData.swift; sourceTree = "<group>"; };
		CB3FA7782B946B1A005D770E /* Location-Example-Info.plist */ = {isa = PBXFileReference; lastKnownFileType = text.plist; path = "Location-Example-Info.plist"; sourceTree = SOURCE_ROOT; };
		CB4EF6242BD002C100BDC73A /* PasswordView.swift */ = {isa = PBXFileReference; lastKnownFileType = sourcecode.swift; path = PasswordView.swift; sourceTree = "<group>"; };
		CB6383C52B7110DC00A18255 /* ARTest.swift */ = {isa = PBXFileReference; lastKnownFileType = sourcecode.swift; path = ARTest.swift; sourceTree = "<group>"; };
		CB6383C72B73BFBA00A18255 /* UseMap.swift */ = {isa = PBXFileReference; lastKnownFileType = sourcecode.swift; path = UseMap.swift; sourceTree = "<group>"; };
		CB664BE62BB79DE70086E136 /* timerResponse.swift */ = {isa = PBXFileReference; lastKnownFileType = sourcecode.swift; path = timerResponse.swift; sourceTree = "<group>"; };
		CB6CF5982BA44A1F00F2F0C7 /* ARDemoStartView.swift */ = {isa = PBXFileReference; lastKnownFileType = sourcecode.swift; path = ARDemoStartView.swift; sourceTree = "<group>"; };
		CBAC22C32B90BB6200A79A61 /* CoreMotionEx.swift */ = {isa = PBXFileReference; lastKnownFileType = sourcecode.swift; path = CoreMotionEx.swift; sourceTree = "<group>"; };
		CBB2531F2B664AD600DD408C /* Location_Example.app */ = {isa = PBXFileReference; explicitFileType = wrapper.application; includeInIndex = 0; path = Location_Example.app; sourceTree = BUILT_PRODUCTS_DIR; };
		CBB253222B664AD600DD408C /* Location_ExampleApp.swift */ = {isa = PBXFileReference; lastKnownFileType = sourcecode.swift; path = Location_ExampleApp.swift; sourceTree = "<group>"; };
		CBB253242B664AD600DD408C /* ContentView.swift */ = {isa = PBXFileReference; lastKnownFileType = sourcecode.swift; path = ContentView.swift; sourceTree = "<group>"; };
		CBB253262B664AD700DD408C /* Assets.xcassets */ = {isa = PBXFileReference; lastKnownFileType = folder.assetcatalog; path = Assets.xcassets; sourceTree = "<group>"; };
		CBB253292B664AD700DD408C /* Preview Assets.xcassets */ = {isa = PBXFileReference; lastKnownFileType = folder.assetcatalog; path = "Preview Assets.xcassets"; sourceTree = "<group>"; };
		CBB253302B664B0100DD408C /* CoreLocationEx.swift */ = {isa = PBXFileReference; lastKnownFileType = sourcecode.swift; path = CoreLocationEx.swift; sourceTree = "<group>"; };
		CBC299272B7E52F80026C908 /* right.usdz */ = {isa = PBXFileReference; lastKnownFileType = file.usdz; path = right.usdz; sourceTree = "<group>"; };
		CBCB2E7A2BB6C7C4008FA272 /* MyTimer.swift */ = {isa = PBXFileReference; lastKnownFileType = sourcecode.swift; path = MyTimer.swift; sourceTree = "<group>"; };
		CBCB2E7D2BB6CA2D008FA272 /* TimerView.swift */ = {isa = PBXFileReference; lastKnownFileType = sourcecode.swift; path = TimerView.swift; sourceTree = "<group>"; };
		CBCB2E7F2BB6CAFB008FA272 /* CLocation.swift */ = {isa = PBXFileReference; lastKnownFileType = sourcecode.swift; path = CLocation.swift; sourceTree = "<group>"; };
		CBCB2E812BB6D473008FA272 /* TimerMap.swift */ = {isa = PBXFileReference; lastKnownFileType = sourcecode.swift; path = TimerMap.swift; sourceTree = "<group>"; };
		CBD4B2642B91898200075BA8 /* coreMotionResponse.swift */ = {isa = PBXFileReference; lastKnownFileType = sourcecode.swift; path = coreMotionResponse.swift; sourceTree = "<group>"; };
		CBD4B2662B93337700075BA8 /* NaverMap.swift */ = {isa = PBXFileReference; lastKnownFileType = sourcecode.swift; path = NaverMap.swift; sourceTree = "<group>"; };
		CBEC01462BA2BD48008F5996 /* ARDemoViewController.swift */ = {isa = PBXFileReference; lastKnownFileType = sourcecode.swift; path = ARDemoViewController.swift; sourceTree = "<group>"; };
		CBEC01482BA2BDD6008F5996 /* Extension.swift */ = {isa = PBXFileReference; lastKnownFileType = sourcecode.swift; path = Extension.swift; sourceTree = "<group>"; };
		CBEC014C2BA2BE59008F5996 /* LocationDetails.swift */ = {isa = PBXFileReference; lastKnownFileType = sourcecode.swift; path = LocationDetails.swift; sourceTree = "<group>"; };
		CBEC014E2BA2BF76008F5996 /* GetIntermediateCorodinate.swift */ = {isa = PBXFileReference; lastKnownFileType = sourcecode.swift; path = GetIntermediateCorodinate.swift; sourceTree = "<group>"; };
		CBEC01502BA2CCBE008F5996 /* Constant.swift */ = {isa = PBXFileReference; lastKnownFileType = sourcecode.swift; path = Constant.swift; sourceTree = "<group>"; };
		CBEC01562BA2E25E008F5996 /* ARDemoVCWrapper.swift */ = {isa = PBXFileReference; lastKnownFileType = sourcecode.swift; path = ARDemoVCWrapper.swift; sourceTree = "<group>"; };
		CBEC01582BA30241008F5996 /* ARDemoContentView.swift */ = {isa = PBXFileReference; lastKnownFileType = sourcecode.swift; path = ARDemoContentView.swift; sourceTree = "<group>"; };
		CBF9274B2BD0F8E5002BCA14 /* Path.swift */ = {isa = PBXFileReference; lastKnownFileType = sourcecode.swift; path = Path.swift; sourceTree = "<group>"; };
		CBF9274F2BD0FB42002BCA14 /* Node.swift */ = {isa = PBXFileReference; lastKnownFileType = sourcecode.swift; path = Node.swift; sourceTree = "<group>"; };
		CBF927512BD0FB86002BCA14 /* AppleMap.swift */ = {isa = PBXFileReference; lastKnownFileType = sourcecode.swift; path = AppleMap.swift; sourceTree = "<group>"; };
		CBF927532BD11237002BCA14 /* LocationAnnotationNode.swift */ = {isa = PBXFileReference; lastKnownFileType = sourcecode.swift; path = LocationAnnotationNode.swift; sourceTree = "<group>"; };
		CBF927552BD11ED2002BCA14 /* SCNNode+Extension.swift */ = {isa = PBXFileReference; lastKnownFileType = sourcecode.swift; path = "SCNNode+Extension.swift"; sourceTree = "<group>"; };
/* End PBXFileReference section */

/* Begin PBXFrameworksBuildPhase section */
		CBB2531C2B664AD600DD408C /* Frameworks */ = {
			isa = PBXFrameworksBuildPhase;
			buildActionMask = 2147483647;
			files = (
				00F8517A4D59C468F9E49981 /* Pods_Location_Example.framework in Frameworks */,
			);
			runOnlyForDeploymentPostprocessing = 0;
		};
/* End PBXFrameworksBuildPhase section */

/* Begin PBXGroup section */
		658BC4F90E7515661BBAA610 /* Pods */ = {
			isa = PBXGroup;
			children = (
				51CABC0E96543E4A289F97EF /* Pods-Location_Example.debug.xcconfig */,
				20016DBF40854E2DF46CA88B /* Pods-Location_Example.release.xcconfig */,
			);
			path = Pods;
			sourceTree = "<group>";
		};
		CB0BD9272B9D805300C08018 /* ARCL */ = {
			isa = PBXGroup;
			children = (
				CB0BD9322B9EBF7700C08018 /* Extension */,
				CB0BD91F2B9C3B7800C08018 /* ARCLViewController.swift */,
				CB0BD9212B9C459200C08018 /* ARCLViewControllerWrapper.swift */,
				CB0BD9282B9D805F00C08018 /* ARCLMap.swift */,
				CB0BD92A2B9D808100C08018 /* ARCLContentView.swift */,
				CBF9274B2BD0F8E5002BCA14 /* Path.swift */,
				CBF9274F2BD0FB42002BCA14 /* Node.swift */,
				CBF927512BD0FB86002BCA14 /* AppleMap.swift */,
				CBF927532BD11237002BCA14 /* LocationAnnotationNode.swift */,
			);
			path = ARCL;
			sourceTree = "<group>";
		};
		CB0BD9322B9EBF7700C08018 /* Extension */ = {
			isa = PBXGroup;
			children = (
				CB0BD9302B9DEC1F00C08018 /* PolylineNode.swift */,
				CB0BD92E2B9DEC0400C08018 /* SceneLocationView.swift */,
				CBF927552BD11ED2002BCA14 /* SCNNode+Extension.swift */,
			);
			path = Extension;
			sourceTree = "<group>";
		};
		CB16AC742B7A6FC700DAAE3F /* Frameworks */ = {
			isa = PBXGroup;
			children = (
				CB16AC792B7A70DE00DAAE3F /* libswiftMetalKit.tbd */,
				CB16AC772B7A70BA00DAAE3F /* libswiftMetal.tbd */,
				CB16AC752B7A6FC800DAAE3F /* Metal.framework */,
				8347742CEAFF71F123DF26A0 /* Pods_Location_Example.framework */,
			);
			name = Frameworks;
			sourceTree = "<group>";
		};
		CB24F3A82BA86E9B00A349D3 /* Usdz */ = {
			isa = PBXGroup;
			children = (
				CBC299272B7E52F80026C908 /* right.usdz */,
				CB24F3AA2BA86ECC00A349D3 /* middleArrow.usdz */,
				CB24F3AB2BA86ECC00A349D3 /* Pin.usdz */,
				CB24F3A92BA86ECC00A349D3 /* threeArrows.usdz */,
			);
			path = Usdz;
			sourceTree = "<group>";
		};
		CBB253162B664AD600DD408C = {
			isa = PBXGroup;
			children = (
				CBB253212B664AD600DD408C /* Location_Example */,
				CBB253202B664AD600DD408C /* Products */,
				CB16AC742B7A6FC700DAAE3F /* Frameworks */,
				658BC4F90E7515661BBAA610 /* Pods */,
			);
			sourceTree = "<group>";
		};
		CBB253202B664AD600DD408C /* Products */ = {
			isa = PBXGroup;
			children = (
				CBB2531F2B664AD600DD408C /* Location_Example.app */,
			);
			name = Products;
			sourceTree = "<group>";
		};
		CBB253212B664AD600DD408C /* Location_Example */ = {
			isa = PBXGroup;
			children = (
				CBB253222B664AD600DD408C /* Location_ExampleApp.swift */,
				CBCB2E7C2BB6C91A008FA272 /* Timer */,
				CB24F3A82BA86E9B00A349D3 /* Usdz */,
				CBEC01452BA2BD2C008F5996 /* Demo */,
				CB0BD9272B9D805300C08018 /* ARCL */,
				CB3FA7782B946B1A005D770E /* Location-Example-Info.plist */,
				CBD4B2632B91893500075BA8 /* Model */,
				CBD4B2662B93337700075BA8 /* NaverMap.swift */,
				CB6383C52B7110DC00A18255 /* ARTest.swift */,
				CBB253242B664AD600DD408C /* ContentView.swift */,
				CBB253302B664B0100DD408C /* CoreLocationEx.swift */,
				CBAC22C32B90BB6200A79A61 /* CoreMotionEx.swift */,
				CB6383C72B73BFBA00A18255 /* UseMap.swift */,
				CB35B9962B9980AC00BD38BD /* PathData.swift */,
				CBB253262B664AD700DD408C /* Assets.xcassets */,
				CBB253282B664AD700DD408C /* Preview Content */,
				CB0BD9252B9C627000C08018 /* MatrixHelper.swift */,
			);
			path = Location_Example;
			sourceTree = "<group>";
		};
		CBB253282B664AD700DD408C /* Preview Content */ = {
			isa = PBXGroup;
			children = (
				CBB253292B664AD700DD408C /* Preview Assets.xcassets */,
			);
			path = "Preview Content";
			sourceTree = "<group>";
		};
		CBCB2E7C2BB6C91A008FA272 /* Timer */ = {
			isa = PBXGroup;
			children = (
				CBCB2E7A2BB6C7C4008FA272 /* MyTimer.swift */,
				CBCB2E7D2BB6CA2D008FA272 /* TimerView.swift */,
				CBCB2E7F2BB6CAFB008FA272 /* CLocation.swift */,
				CBCB2E812BB6D473008FA272 /* TimerMap.swift */,
			);
			path = Timer;
			sourceTree = "<group>";
		};
		CBD4B2632B91893500075BA8 /* Model */ = {
			isa = PBXGroup;
			children = (
				CBD4B2642B91898200075BA8 /* coreMotionResponse.swift */,
				CB664BE62BB79DE70086E136 /* timerResponse.swift */,
				CB4EF6242BD002C100BDC73A /* PasswordView.swift */,
			);
			path = Model;
			sourceTree = "<group>";
		};
		CBEC01452BA2BD2C008F5996 /* Demo */ = {
			isa = PBXGroup;
			children = (
				CBEC01462BA2BD48008F5996 /* ARDemoViewController.swift */,
				CBEC01482BA2BDD6008F5996 /* Extension.swift */,
				CBEC014E2BA2BF76008F5996 /* GetIntermediateCorodinate.swift */,
				CBEC014C2BA2BE59008F5996 /* LocationDetails.swift */,
				CBEC01502BA2CCBE008F5996 /* Constant.swift */,
				CBEC01562BA2E25E008F5996 /* ARDemoVCWrapper.swift */,
				CBEC01582BA30241008F5996 /* ARDemoContentView.swift */,
				CB6CF5982BA44A1F00F2F0C7 /* ARDemoStartView.swift */,
			);
			path = Demo;
			sourceTree = "<group>";
		};
/* End PBXGroup section */

/* Begin PBXNativeTarget section */
		CBB2531E2B664AD600DD408C /* Location_Example */ = {
			isa = PBXNativeTarget;
			buildConfigurationList = CBB2532D2B664AD700DD408C /* Build configuration list for PBXNativeTarget "Location_Example" */;
			buildPhases = (
				3308FEB3FCFE2C4E70D5C3A7 /* [CP] Check Pods Manifest.lock */,
				CBB2531B2B664AD600DD408C /* Sources */,
				CBB2531C2B664AD600DD408C /* Frameworks */,
				CBB2531D2B664AD600DD408C /* Resources */,
				47E5C683354C13AC16FCA003 /* [CP] Embed Pods Frameworks */,
			);
			buildRules = (
			);
			dependencies = (
			);
			name = Location_Example;
			productName = Location_Example;
			productReference = CBB2531F2B664AD600DD408C /* Location_Example.app */;
			productType = "com.apple.product-type.application";
		};
/* End PBXNativeTarget section */

/* Begin PBXProject section */
		CBB253172B664AD600DD408C /* Project object */ = {
			isa = PBXProject;
			attributes = {
				BuildIndependentTargetsInParallel = 1;
				LastSwiftUpdateCheck = 1520;
				LastUpgradeCheck = 1520;
				TargetAttributes = {
					CBB2531E2B664AD600DD408C = {
						CreatedOnToolsVersion = 15.2;
					};
				};
			};
			buildConfigurationList = CBB2531A2B664AD600DD408C /* Build configuration list for PBXProject "Location_Example" */;
			compatibilityVersion = "Xcode 14.0";
			developmentRegion = en;
			hasScannedForEncodings = 0;
			knownRegions = (
				en,
				Base,
			);
			mainGroup = CBB253162B664AD600DD408C;
			productRefGroup = CBB253202B664AD600DD408C /* Products */;
			projectDirPath = "";
			projectRoot = "";
			targets = (
				CBB2531E2B664AD600DD408C /* Location_Example */,
			);
		};
/* End PBXProject section */

/* Begin PBXResourcesBuildPhase section */
		CBB2531D2B664AD600DD408C /* Resources */ = {
			isa = PBXResourcesBuildPhase;
			buildActionMask = 2147483647;
			files = (
				CB24F3AD2BA86ECC00A349D3 /* middleArrow.usdz in Resources */,
				CBB2532A2B664AD700DD408C /* Preview Assets.xcassets in Resources */,
				CBC299282B7E52F80026C908 /* right.usdz in Resources */,
				CB24F3AE2BA86ECC00A349D3 /* Pin.usdz in Resources */,
				CB24F3AC2BA86ECC00A349D3 /* threeArrows.usdz in Resources */,
				CBB253272B664AD700DD408C /* Assets.xcassets in Resources */,
			);
			runOnlyForDeploymentPostprocessing = 0;
		};
/* End PBXResourcesBuildPhase section */

/* Begin PBXShellScriptBuildPhase section */
		3308FEB3FCFE2C4E70D5C3A7 /* [CP] Check Pods Manifest.lock */ = {
			isa = PBXShellScriptBuildPhase;
			buildActionMask = 2147483647;
			files = (
			);
			inputFileListPaths = (
			);
			inputPaths = (
				"${PODS_PODFILE_DIR_PATH}/Podfile.lock",
				"${PODS_ROOT}/Manifest.lock",
			);
			name = "[CP] Check Pods Manifest.lock";
			outputFileListPaths = (
			);
			outputPaths = (
				"$(DERIVED_FILE_DIR)/Pods-Location_Example-checkManifestLockResult.txt",
			);
			runOnlyForDeploymentPostprocessing = 0;
			shellPath = /bin/sh;
			shellScript = "diff \"${PODS_PODFILE_DIR_PATH}/Podfile.lock\" \"${PODS_ROOT}/Manifest.lock\" > /dev/null\nif [ $? != 0 ] ; then\n    # print error to STDERR\n    echo \"error: The sandbox is not in sync with the Podfile.lock. Run 'pod install' or update your CocoaPods installation.\" >&2\n    exit 1\nfi\n# This output is used by Xcode 'outputs' to avoid re-running this script phase.\necho \"SUCCESS\" > \"${SCRIPT_OUTPUT_FILE_0}\"\n";
			showEnvVarsInLog = 0;
		};
		47E5C683354C13AC16FCA003 /* [CP] Embed Pods Frameworks */ = {
			isa = PBXShellScriptBuildPhase;
			buildActionMask = 2147483647;
			files = (
			);
			inputFileListPaths = (
				"${PODS_ROOT}/Target Support Files/Pods-Location_Example/Pods-Location_Example-frameworks-${CONFIGURATION}-input-files.xcfilelist",
			);
			name = "[CP] Embed Pods Frameworks";
			outputFileListPaths = (
				"${PODS_ROOT}/Target Support Files/Pods-Location_Example/Pods-Location_Example-frameworks-${CONFIGURATION}-output-files.xcfilelist",
			);
			runOnlyForDeploymentPostprocessing = 0;
			shellPath = /bin/sh;
			shellScript = "\"${PODS_ROOT}/Target Support Files/Pods-Location_Example/Pods-Location_Example-frameworks.sh\"\n";
			showEnvVarsInLog = 0;
		};
/* End PBXShellScriptBuildPhase section */

/* Begin PBXSourcesBuildPhase section */
		CBB2531B2B664AD600DD408C /* Sources */ = {
			isa = PBXSourcesBuildPhase;
			buildActionMask = 2147483647;
			files = (
				CBD4B2652B91898200075BA8 /* coreMotionResponse.swift in Sources */,
				CB6383C82B73BFBA00A18255 /* UseMap.swift in Sources */,
				CB0BD9222B9C459200C08018 /* ARCLViewControllerWrapper.swift in Sources */,
				CBB253252B664AD600DD408C /* ContentView.swift in Sources */,
				CBD4B2672B93337700075BA8 /* NaverMap.swift in Sources */,
				CBCB2E802BB6CAFB008FA272 /* CLocation.swift in Sources */,
				CB0BD92F2B9DEC0400C08018 /* SceneLocationView.swift in Sources */,
				CBB253312B664B0100DD408C /* CoreLocationEx.swift in Sources */,
				CBCB2E822BB6D473008FA272 /* TimerMap.swift in Sources */,
				CBF927542BD11237002BCA14 /* LocationAnnotationNode.swift in Sources */,
				CBEC01592BA30241008F5996 /* ARDemoContentView.swift in Sources */,
				CB0BD9262B9C627000C08018 /* MatrixHelper.swift in Sources */,
				CBF927502BD0FB42002BCA14 /* Node.swift in Sources */,
				CBF927522BD0FB86002BCA14 /* AppleMap.swift in Sources */,
				CBEC014F2BA2BF76008F5996 /* GetIntermediateCorodinate.swift in Sources */,
				CB0BD9202B9C3B7900C08018 /* ARCLViewController.swift in Sources */,
				CB6CF5992BA44A1F00F2F0C7 /* ARDemoStartView.swift in Sources */,
				CBEC01492BA2BDD6008F5996 /* Extension.swift in Sources */,
				CBEC014D2BA2BE59008F5996 /* LocationDetails.swift in Sources */,
				CB0BD92B2B9D808100C08018 /* ARCLContentView.swift in Sources */,
				CB35B9972B9980AC00BD38BD /* PathData.swift in Sources */,
				CB0BD9292B9D805F00C08018 /* ARCLMap.swift in Sources */,
				CBAC22C42B90BB6200A79A61 /* CoreMotionEx.swift in Sources */,
				CBCB2E7E2BB6CA2D008FA272 /* TimerView.swift in Sources */,
				CB664BE72BB79DE70086E136 /* timerResponse.swift in Sources */,
				CBEC01572BA2E25E008F5996 /* ARDemoVCWrapper.swift in Sources */,
				CBEC01472BA2BD48008F5996 /* ARDemoViewController.swift in Sources */,
				CB6383C62B7110DC00A18255 /* ARTest.swift in Sources */,
				CB4EF6252BD002C100BDC73A /* PasswordView.swift in Sources */,
				CBEC01512BA2CCBE008F5996 /* Constant.swift in Sources */,
				CBB253232B664AD600DD408C /* Location_ExampleApp.swift in Sources */,
				CBCB2E7B2BB6C7C4008FA272 /* MyTimer.swift in Sources */,
				CBF927562BD11ED2002BCA14 /* SCNNode+Extension.swift in Sources */,
				CB0BD9312B9DEC1F00C08018 /* PolylineNode.swift in Sources */,
				CBF9274C2BD0F8E5002BCA14 /* Path.swift in Sources */,
			);
			runOnlyForDeploymentPostprocessing = 0;
		};
/* End PBXSourcesBuildPhase section */

/* Begin XCBuildConfiguration section */
		CBB2532B2B664AD700DD408C /* Debug */ = {
			isa = XCBuildConfiguration;
			buildSettings = {
				ALWAYS_SEARCH_USER_PATHS = NO;
				ASSETCATALOG_COMPILER_GENERATE_SWIFT_ASSET_SYMBOL_EXTENSIONS = YES;
				CLANG_ANALYZER_NONNULL = YES;
				CLANG_ANALYZER_NUMBER_OBJECT_CONVERSION = YES_AGGRESSIVE;
				CLANG_CXX_LANGUAGE_STANDARD = "gnu++20";
				CLANG_ENABLE_MODULES = YES;
				CLANG_ENABLE_OBJC_ARC = YES;
				CLANG_ENABLE_OBJC_WEAK = YES;
				CLANG_WARN_BLOCK_CAPTURE_AUTORELEASING = YES;
				CLANG_WARN_BOOL_CONVERSION = YES;
				CLANG_WARN_COMMA = YES;
				CLANG_WARN_CONSTANT_CONVERSION = YES;
				CLANG_WARN_DEPRECATED_OBJC_IMPLEMENTATIONS = YES;
				CLANG_WARN_DIRECT_OBJC_ISA_USAGE = YES_ERROR;
				CLANG_WARN_DOCUMENTATION_COMMENTS = YES;
				CLANG_WARN_EMPTY_BODY = YES;
				CLANG_WARN_ENUM_CONVERSION = YES;
				CLANG_WARN_INFINITE_RECURSION = YES;
				CLANG_WARN_INT_CONVERSION = YES;
				CLANG_WARN_NON_LITERAL_NULL_CONVERSION = YES;
				CLANG_WARN_OBJC_IMPLICIT_RETAIN_SELF = YES;
				CLANG_WARN_OBJC_LITERAL_CONVERSION = YES;
				CLANG_WARN_OBJC_ROOT_CLASS = YES_ERROR;
				CLANG_WARN_QUOTED_INCLUDE_IN_FRAMEWORK_HEADER = YES;
				CLANG_WARN_RANGE_LOOP_ANALYSIS = YES;
				CLANG_WARN_STRICT_PROTOTYPES = YES;
				CLANG_WARN_SUSPICIOUS_MOVE = YES;
				CLANG_WARN_UNGUARDED_AVAILABILITY = YES_AGGRESSIVE;
				CLANG_WARN_UNREACHABLE_CODE = YES;
				CLANG_WARN__DUPLICATE_METHOD_MATCH = YES;
				COPY_PHASE_STRIP = NO;
				DEBUG_INFORMATION_FORMAT = dwarf;
				ENABLE_STRICT_OBJC_MSGSEND = YES;
				ENABLE_TESTABILITY = YES;
				ENABLE_USER_SCRIPT_SANDBOXING = NO;
				GCC_C_LANGUAGE_STANDARD = gnu17;
				GCC_DYNAMIC_NO_PIC = NO;
				GCC_NO_COMMON_BLOCKS = YES;
				GCC_OPTIMIZATION_LEVEL = 0;
				GCC_PREPROCESSOR_DEFINITIONS = (
					"DEBUG=1",
					"$(inherited)",
				);
				GCC_WARN_64_TO_32_BIT_CONVERSION = YES;
				GCC_WARN_ABOUT_RETURN_TYPE = YES_ERROR;
				GCC_WARN_UNDECLARED_SELECTOR = YES;
				GCC_WARN_UNINITIALIZED_AUTOS = YES_AGGRESSIVE;
				GCC_WARN_UNUSED_FUNCTION = YES;
				GCC_WARN_UNUSED_VARIABLE = YES;
				IPHONEOS_DEPLOYMENT_TARGET = 17.2;
				LOCALIZATION_PREFERS_STRING_CATALOGS = YES;
				MTL_ENABLE_DEBUG_INFO = INCLUDE_SOURCE;
				MTL_FAST_MATH = YES;
				ONLY_ACTIVE_ARCH = YES;
				SDKROOT = iphoneos;
				SWIFT_ACTIVE_COMPILATION_CONDITIONS = "DEBUG $(inherited)";
				SWIFT_OPTIMIZATION_LEVEL = "-Onone";
			};
			name = Debug;
		};
		CBB2532C2B664AD700DD408C /* Release */ = {
			isa = XCBuildConfiguration;
			buildSettings = {
				ALWAYS_SEARCH_USER_PATHS = NO;
				ASSETCATALOG_COMPILER_GENERATE_SWIFT_ASSET_SYMBOL_EXTENSIONS = YES;
				CLANG_ANALYZER_NONNULL = YES;
				CLANG_ANALYZER_NUMBER_OBJECT_CONVERSION = YES_AGGRESSIVE;
				CLANG_CXX_LANGUAGE_STANDARD = "gnu++20";
				CLANG_ENABLE_MODULES = YES;
				CLANG_ENABLE_OBJC_ARC = YES;
				CLANG_ENABLE_OBJC_WEAK = YES;
				CLANG_WARN_BLOCK_CAPTURE_AUTORELEASING = YES;
				CLANG_WARN_BOOL_CONVERSION = YES;
				CLANG_WARN_COMMA = YES;
				CLANG_WARN_CONSTANT_CONVERSION = YES;
				CLANG_WARN_DEPRECATED_OBJC_IMPLEMENTATIONS = YES;
				CLANG_WARN_DIRECT_OBJC_ISA_USAGE = YES_ERROR;
				CLANG_WARN_DOCUMENTATION_COMMENTS = YES;
				CLANG_WARN_EMPTY_BODY = YES;
				CLANG_WARN_ENUM_CONVERSION = YES;
				CLANG_WARN_INFINITE_RECURSION = YES;
				CLANG_WARN_INT_CONVERSION = YES;
				CLANG_WARN_NON_LITERAL_NULL_CONVERSION = YES;
				CLANG_WARN_OBJC_IMPLICIT_RETAIN_SELF = YES;
				CLANG_WARN_OBJC_LITERAL_CONVERSION = YES;
				CLANG_WARN_OBJC_ROOT_CLASS = YES_ERROR;
				CLANG_WARN_QUOTED_INCLUDE_IN_FRAMEWORK_HEADER = YES;
				CLANG_WARN_RANGE_LOOP_ANALYSIS = YES;
				CLANG_WARN_STRICT_PROTOTYPES = YES;
				CLANG_WARN_SUSPICIOUS_MOVE = YES;
				CLANG_WARN_UNGUARDED_AVAILABILITY = YES_AGGRESSIVE;
				CLANG_WARN_UNREACHABLE_CODE = YES;
				CLANG_WARN__DUPLICATE_METHOD_MATCH = YES;
				COPY_PHASE_STRIP = NO;
				DEBUG_INFORMATION_FORMAT = "dwarf-with-dsym";
				ENABLE_NS_ASSERTIONS = NO;
				ENABLE_STRICT_OBJC_MSGSEND = YES;
				ENABLE_USER_SCRIPT_SANDBOXING = NO;
				GCC_C_LANGUAGE_STANDARD = gnu17;
				GCC_NO_COMMON_BLOCKS = YES;
				GCC_WARN_64_TO_32_BIT_CONVERSION = YES;
				GCC_WARN_ABOUT_RETURN_TYPE = YES_ERROR;
				GCC_WARN_UNDECLARED_SELECTOR = YES;
				GCC_WARN_UNINITIALIZED_AUTOS = YES_AGGRESSIVE;
				GCC_WARN_UNUSED_FUNCTION = YES;
				GCC_WARN_UNUSED_VARIABLE = YES;
				IPHONEOS_DEPLOYMENT_TARGET = 17.2;
				LOCALIZATION_PREFERS_STRING_CATALOGS = YES;
				MTL_ENABLE_DEBUG_INFO = NO;
				MTL_FAST_MATH = YES;
				SDKROOT = iphoneos;
				SWIFT_COMPILATION_MODE = wholemodule;
				VALIDATE_PRODUCT = YES;
			};
			name = Release;
		};
		CBB2532E2B664AD700DD408C /* Debug */ = {
			isa = XCBuildConfiguration;
			baseConfigurationReference = 51CABC0E96543E4A289F97EF /* Pods-Location_Example.debug.xcconfig */;
			buildSettings = {
				ASSETCATALOG_COMPILER_APPICON_NAME = AppIcon;
				ASSETCATALOG_COMPILER_GLOBAL_ACCENT_COLOR_NAME = AccentColor;
				CODE_SIGN_STYLE = Automatic;
				CURRENT_PROJECT_VERSION = 1;
				DEVELOPMENT_ASSET_PATHS = "\"Location_Example/Preview Content\"";
				DEVELOPMENT_TEAM = X7TYNR98TC;
				ENABLE_PREVIEWS = YES;
				GENERATE_INFOPLIST_FILE = YES;
				INFOPLIST_FILE = "Location-Example-Info.plist";
				INFOPLIST_KEY_NSCameraUsageDescription = "AR 사용을 위한 카메라 권한 허용";
				INFOPLIST_KEY_NSLocationAlwaysAndWhenInUseUsageDescription = "위치 정보 허용";
				INFOPLIST_KEY_NSLocationWhenInUseUsageDescription = "위치 정보 허용";
				INFOPLIST_KEY_UIApplicationSceneManifest_Generation = YES;
				INFOPLIST_KEY_UIApplicationSupportsIndirectInputEvents = YES;
				INFOPLIST_KEY_UILaunchScreen_Generation = YES;
				INFOPLIST_KEY_UISupportedInterfaceOrientations_iPad = "UIInterfaceOrientationPortrait UIInterfaceOrientationPortraitUpsideDown UIInterfaceOrientationLandscapeLeft UIInterfaceOrientationLandscapeRight";
				INFOPLIST_KEY_UISupportedInterfaceOrientations_iPhone = "UIInterfaceOrientationPortrait UIInterfaceOrientationLandscapeLeft UIInterfaceOrientationLandscapeRight";
				LD_RUNPATH_SEARCH_PATHS = (
					"$(inherited)",
					"@executable_path/Frameworks",
				);
				LIBRARY_SEARCH_PATHS = (
					"$(inherited)",
					"$(SDKROOT)/usr/lib/swift",
				);
				MARKETING_VERSION = 1.0;
				PRODUCT_BUNDLE_IDENTIFIER = "kr.ac.indck.hyun.Location-Example";
				PRODUCT_NAME = "$(TARGET_NAME)";
				SWIFT_EMIT_LOC_STRINGS = YES;
				SWIFT_VERSION = 5.0;
				TARGETED_DEVICE_FAMILY = "1,2";
			};
			name = Debug;
		};
		CBB2532F2B664AD700DD408C /* Release */ = {
			isa = XCBuildConfiguration;
			baseConfigurationReference = 20016DBF40854E2DF46CA88B /* Pods-Location_Example.release.xcconfig */;
			buildSettings = {
				ASSETCATALOG_COMPILER_APPICON_NAME = AppIcon;
				ASSETCATALOG_COMPILER_GLOBAL_ACCENT_COLOR_NAME = AccentColor;
				CODE_SIGN_STYLE = Automatic;
				CURRENT_PROJECT_VERSION = 1;
				DEVELOPMENT_ASSET_PATHS = "\"Location_Example/Preview Content\"";
				DEVELOPMENT_TEAM = X7TYNR98TC;
				ENABLE_PREVIEWS = YES;
				GENERATE_INFOPLIST_FILE = YES;
				INFOPLIST_FILE = "Location-Example-Info.plist";
				INFOPLIST_KEY_NSCameraUsageDescription = "AR 사용을 위한 카메라 권한 허용";
				INFOPLIST_KEY_NSLocationAlwaysAndWhenInUseUsageDescription = "위치 정보 허용";
				INFOPLIST_KEY_NSLocationWhenInUseUsageDescription = "위치 정보 허용";
				INFOPLIST_KEY_UIApplicationSceneManifest_Generation = YES;
				INFOPLIST_KEY_UIApplicationSupportsIndirectInputEvents = YES;
				INFOPLIST_KEY_UILaunchScreen_Generation = YES;
				INFOPLIST_KEY_UISupportedInterfaceOrientations_iPad = "UIInterfaceOrientationPortrait UIInterfaceOrientationPortraitUpsideDown UIInterfaceOrientationLandscapeLeft UIInterfaceOrientationLandscapeRight";
				INFOPLIST_KEY_UISupportedInterfaceOrientations_iPhone = "UIInterfaceOrientationPortrait UIInterfaceOrientationLandscapeLeft UIInterfaceOrientationLandscapeRight";
				LD_RUNPATH_SEARCH_PATHS = (
					"$(inherited)",
					"@executable_path/Frameworks",
				);
				LIBRARY_SEARCH_PATHS = (
					"$(inherited)",
					"$(SDKROOT)/usr/lib/swift",
				);
				MARKETING_VERSION = 1.0;
				PRODUCT_BUNDLE_IDENTIFIER = "kr.ac.indck.hyun.Location-Example";
				PRODUCT_NAME = "$(TARGET_NAME)";
				SWIFT_EMIT_LOC_STRINGS = YES;
				SWIFT_VERSION = 5.0;
				TARGETED_DEVICE_FAMILY = "1,2";
			};
			name = Release;
		};
/* End XCBuildConfiguration section */

/* Begin XCConfigurationList section */
		CBB2531A2B664AD600DD408C /* Build configuration list for PBXProject "Location_Example" */ = {
			isa = XCConfigurationList;
			buildConfigurations = (
				CBB2532B2B664AD700DD408C /* Debug */,
				CBB2532C2B664AD700DD408C /* Release */,
			);
			defaultConfigurationIsVisible = 0;
			defaultConfigurationName = Release;
		};
		CBB2532D2B664AD700DD408C /* Build configuration list for PBXNativeTarget "Location_Example" */ = {
			isa = XCConfigurationList;
			buildConfigurations = (
				CBB2532E2B664AD700DD408C /* Debug */,
				CBB2532F2B664AD700DD408C /* Release */,
			);
			defaultConfigurationIsVisible = 0;
			defaultConfigurationName = Release;
		};
/* End XCConfigurationList section */
	};
	rootObject = CBB253172B664AD600DD408C /* Project object */;
}
